
Microsoft Visual Studio Solution File, Format Version 12.00
# Visual Studio Version 17
VisualStudioVersion = 17.14.36401.2 d17.14
MinimumVisualStudioVersion = 10.0.40219.1
Project("{FAE04EC0-301F-11D3-BF4B-00C04F79EFBC}") = "Backend", "ExcelPreview\Backend.csproj", "{52A6E571-A972-4243-9E25-CF939441C306}"
EndProject
Project("{FAE04EC0-301F-11D3-BF4B-00C04F79EFBC}") = "Frontend", "Frontend\Frontend.csproj", "{14A52AA7-D5DC-4E95-B611-08BAC2E51380}"
EndProject
Global
	GlobalSection(SolutionConfigurationPlatforms) = preSolution
		Debug|Any CPU = Debug|Any CPU
		Release|Any CPU = Release|Any CPU
	EndGlobalSection
	GlobalSection(ProjectConfigurationPlatforms) = postSolution
		{52A6E571-A972-4243-9E25-CF939441C306}.Debug|Any CPU.ActiveCfg = Debug|Any CPU
		{52A6E571-A972-4243-9E25-CF939441C306}.Debug|Any CPU.Build.0 = Debug|Any CPU
		{52A6E571-A972-4243-9E25-CF939441C306}.Release|Any CPU.ActiveCfg = Release|Any CPU
		{52A6E571-A972-4243-9E25-CF939441C306}.Release|Any CPU.Build.0 = Release|Any CPU
		{14A52AA7-D5DC-4E95-B611-08BAC2E51380}.Debug|Any CPU.ActiveCfg = Debug|Any CPU
		{14A52AA7-D5DC-4E95-B611-08BAC2E51380}.Debug|Any CPU.Build.0 = Debug|Any CPU
		{14A52AA7-D5DC-4E95-B611-08BAC2E51380}.Release|Any CPU.ActiveCfg = Release|Any CPU
		{14A52AA7-D5DC-4E95-B611-08BAC2E51380}.Release|Any CPU.Build.0 = Release|Any CPU
	EndGlobalSection
	GlobalSection(SolutionProperties) = preSolution
		HideSolutionNode = FALSE
	EndGlobalSection
	GlobalSection(ExtensibilityGlobals) = postSolution
		SolutionGuid = {CB808888-AC2B-4DA5-AE04-65CE514257CC}
	EndGlobalSection
EndGlobal
